
Microsoft Visual Studio Solution File, Format Version 12.00
# Visual Studio Version 17
VisualStudioVersion = 17.13.35931.197
MinimumVisualStudioVersion = 10.0.40219.1
Project("{2150E333-8FDC-42A3-9474-1A3956D46DE8}") = "src", "src", "{02EA681E-C7D8-13C7-8484-4AC65E1B71E8}"
EndProject
Project("{2150E333-8FDC-42A3-9474-1A3956D46DE8}") = "test", "test", "{21F429B7-57AE-42E9-BF41-20D809F37498}"
EndProject
Project("{FAE04EC0-301F-11D3-BF4B-00C04F79EFBC}") = "CleanArchitecture.Order.Test", "test\CleanArchitecture.Order.Test\CleanArchitecture.Order.Test.csproj", "{EC461E88-6C7E-4E07-B5BF-576E9D6FEE68}"
EndProject
Project("{FAE04EC0-301F-11D3-BF4B-00C04F79EFBC}") = "CleanArchitecture.OrderManagement.Api", "src\CleanArchitecture.Order.Api\CleanArchitecture.OrderManagement.Api.csproj", "{F47B1D5B-B32B-F3B9-A77B-2F71FCDE78A3}"
EndProject
Project("{FAE04EC0-301F-11D3-BF4B-00C04F79EFBC}") = "CleanArchitecture.OrderManagement.Domain", "src\CleanArchitecture.Order.Domain\CleanArchitecture.OrderManagement.Domain.csproj", "{563DD5AE-C7CF-8DFD-A6EA-39D4EE91971F}"
EndProject
Project("{FAE04EC0-301F-11D3-BF4B-00C04F79EFBC}") = "CleanArchitecture.OrderManagement.Infrastructure", "src\CleanArchitecture.Order.Infrastructure\CleanArchitecture.OrderManagement.Infrastructure.csproj", "{DD67E844-9F0D-78D8-0533-2995B0FCA0F4}"
EndProject
Project("{E53339B2-1760-4266-BCC7-CA923CBCF16C}") = "docker-compose", "docker-compose.dcproj", "{81DDED9D-158B-E303-5F62-77A2896D2A5A}"
EndProject
Project("{FAE04EC0-301F-11D3-BF4B-00C04F79EFBC}") = "CleanArchitecture.OrderManagement.Application", "src\CleanArchitecture.Order.Application\CleanArchitecture.OrderManagement.Application.csproj", "{E03884E3-6332-3723-E96B-0437D61BBA43}"
EndProject
Global
	GlobalSection(SolutionConfigurationPlatforms) = preSolution
		Debug|Any CPU = Debug|Any CPU
		Release|Any CPU = Release|Any CPU
	EndGlobalSection
	GlobalSection(ProjectConfigurationPlatforms) = postSolution
		{EC461E88-6C7E-4E07-B5BF-576E9D6FEE68}.Debug|Any CPU.ActiveCfg = Debug|Any CPU
		{EC461E88-6C7E-4E07-B5BF-576E9D6FEE68}.Debug|Any CPU.Build.0 = Debug|Any CPU
		{EC461E88-6C7E-4E07-B5BF-576E9D6FEE68}.Release|Any CPU.ActiveCfg = Release|Any CPU
		{EC461E88-6C7E-4E07-B5BF-576E9D6FEE68}.Release|Any CPU.Build.0 = Release|Any CPU
		{F47B1D5B-B32B-F3B9-A77B-2F71FCDE78A3}.Debug|Any CPU.ActiveCfg = Debug|Any CPU
		{F47B1D5B-B32B-F3B9-A77B-2F71FCDE78A3}.Debug|Any CPU.Build.0 = Debug|Any CPU
		{F47B1D5B-B32B-F3B9-A77B-2F71FCDE78A3}.Release|Any CPU.ActiveCfg = Release|Any CPU
		{F47B1D5B-B32B-F3B9-A77B-2F71FCDE78A3}.Release|Any CPU.Build.0 = Release|Any CPU
		{563DD5AE-C7CF-8DFD-A6EA-39D4EE91971F}.Debug|Any CPU.ActiveCfg = Debug|Any CPU
		{563DD5AE-C7CF-8DFD-A6EA-39D4EE91971F}.Debug|Any CPU.Build.0 = Debug|Any CPU
		{563DD5AE-C7CF-8DFD-A6EA-39D4EE91971F}.Release|Any CPU.ActiveCfg = Release|Any CPU
		{563DD5AE-C7CF-8DFD-A6EA-39D4EE91971F}.Release|Any CPU.Build.0 = Release|Any CPU
		{DD67E844-9F0D-78D8-0533-2995B0FCA0F4}.Debug|Any CPU.ActiveCfg = Debug|Any CPU
		{DD67E844-9F0D-78D8-0533-2995B0FCA0F4}.Debug|Any CPU.Build.0 = Debug|Any CPU
		{DD67E844-9F0D-78D8-0533-2995B0FCA0F4}.Release|Any CPU.ActiveCfg = Release|Any CPU
		{DD67E844-9F0D-78D8-0533-2995B0FCA0F4}.Release|Any CPU.Build.0 = Release|Any CPU
		{81DDED9D-158B-E303-5F62-77A2896D2A5A}.Debug|Any CPU.ActiveCfg = Debug|Any CPU
		{81DDED9D-158B-E303-5F62-77A2896D2A5A}.Debug|Any CPU.Build.0 = Debug|Any CPU
		{81DDED9D-158B-E303-5F62-77A2896D2A5A}.Release|Any CPU.ActiveCfg = Release|Any CPU
		{81DDED9D-158B-E303-5F62-77A2896D2A5A}.Release|Any CPU.Build.0 = Release|Any CPU
		{E03884E3-6332-3723-E96B-0437D61BBA43}.Debug|Any CPU.ActiveCfg = Debug|Any CPU
		{E03884E3-6332-3723-E96B-0437D61BBA43}.Debug|Any CPU.Build.0 = Debug|Any CPU
		{E03884E3-6332-3723-E96B-0437D61BBA43}.Release|Any CPU.ActiveCfg = Release|Any CPU
		{E03884E3-6332-3723-E96B-0437D61BBA43}.Release|Any CPU.Build.0 = Release|Any CPU
	EndGlobalSection
	GlobalSection(SolutionProperties) = preSolution
		HideSolutionNode = FALSE
	EndGlobalSection
	GlobalSection(NestedProjects) = preSolution
		{EC461E88-6C7E-4E07-B5BF-576E9D6FEE68} = {21F429B7-57AE-42E9-BF41-20D809F37498}
		{F47B1D5B-B32B-F3B9-A77B-2F71FCDE78A3} = {02EA681E-C7D8-13C7-8484-4AC65E1B71E8}
		{563DD5AE-C7CF-8DFD-A6EA-39D4EE91971F} = {02EA681E-C7D8-13C7-8484-4AC65E1B71E8}
		{DD67E844-9F0D-78D8-0533-2995B0FCA0F4} = {02EA681E-C7D8-13C7-8484-4AC65E1B71E8}
		{E03884E3-6332-3723-E96B-0437D61BBA43} = {02EA681E-C7D8-13C7-8484-4AC65E1B71E8}
	EndGlobalSection
	GlobalSection(ExtensibilityGlobals) = postSolution
		SolutionGuid = {EBE880E0-736A-4ABE-98AC-E6BD35269395}
	EndGlobalSection
EndGlobal
